// !$*UTF8*$!
{
	archiveVersion = 1;
	classes = {
	};
	objectVersion = 48;
	objects = {

/* Begin PBXBuildFile section */
		150541DA22C4394A00E7230D /* MapKit.framework in Frameworks */ = {isa = PBXBuildFile; fileRef = 150541D922C4394A00E7230D /* MapKit.framework */; };
		150541FC22C4985D00E7230D /* Main.storyboard in Resources */ = {isa = PBXBuildFile; fileRef = 1544F0B222C3E5F000A07F0F /* Main.storyboard */; };
		150541FD22C4985D00E7230D /* LaunchScreen.storyboard in Resources */ = {isa = PBXBuildFile; fileRef = 1544F0B722C3E5F000A07F0F /* LaunchScreen.storyboard */; };
		150541FE22C49F3F00E7230D /* AppDelegate.swift in Sources */ = {isa = PBXBuildFile; fileRef = 1544F0AE22C3E5EF00A07F0F /* AppDelegate.swift */; };
		150541FF22C49F3F00E7230D /* ViewController.swift in Sources */ = {isa = PBXBuildFile; fileRef = 1544F0B022C3E5EF00A07F0F /* ViewController.swift */; };
		1544F0B622C3E5F000A07F0F /* Assets.xcassets in Resources */ = {isa = PBXBuildFile; fileRef = 1544F0B522C3E5F000A07F0F /* Assets.xcassets */; };
		1544F0C422C3E5F400A07F0F /* Hackeye_ioTests.swift in Sources */ = {isa = PBXBuildFile; fileRef = 1544F0C322C3E5F400A07F0F /* Hackeye_ioTests.swift */; };
		1544F0CF22C3E5F400A07F0F /* Hackeye_ioUITests.swift in Sources */ = {isa = PBXBuildFile; fileRef = 1544F0CE22C3E5F400A07F0F /* Hackeye_ioUITests.swift */; };
/* End PBXBuildFile section */

/* Begin PBXContainerItemProxy section */
		1544F0C022C3E5F400A07F0F /* PBXContainerItemProxy */ = {
			isa = PBXContainerItemProxy;
			containerPortal = 1544F0A322C3E5EB00A07F0F /* Project object */;
			proxyType = 1;
			remoteGlobalIDString = 1544F0AA22C3E5EB00A07F0F;
			remoteInfo = Hackeye.io;
		};
		1544F0CB22C3E5F400A07F0F /* PBXContainerItemProxy */ = {
			isa = PBXContainerItemProxy;
			containerPortal = 1544F0A322C3E5EB00A07F0F /* Project object */;
			proxyType = 1;
			remoteGlobalIDString = 1544F0AA22C3E5EB00A07F0F;
			remoteInfo = Hackeye.io;
		};
/* End PBXContainerItemProxy section */

/* Begin PBXFileReference section */
		150541D922C4394A00E7230D /* MapKit.framework */ = {isa = PBXFileReference; lastKnownFileType = wrapper.framework; name = MapKit.framework; path = System/Library/Frameworks/MapKit.framework; sourceTree = SDKROOT; };
		150541DC22C4478A00E7230D /* BaseView.swift */ = {isa = PBXFileReference; fileEncoding = 4; lastKnownFileType = sourcecode.swift; path = BaseView.swift; sourceTree = "<group>"; };
		150541E022C4490F00E7230D /* DetailsProjectView.swift */ = {isa = PBXFileReference; fileEncoding = 4; lastKnownFileType = sourcecode.swift; path = DetailsProjectView.swift; sourceTree = "<group>"; };
		150541E222C44D6400E7230D /* DetailsProjectViewController.swift */ = {isa = PBXFileReference; fileEncoding = 4; lastKnownFileType = sourcecode.swift; path = DetailsProjectViewController.swift; sourceTree = "<group>"; };
		150541E822C4565E00E7230D /* ProjectTableViewController.swift */ = {isa = PBXFileReference; fileEncoding = 4; lastKnownFileType = sourcecode.swift; path = ProjectTableViewController.swift; sourceTree = "<group>"; };
		150541EA22C4573C00E7230D /* ProjectTableViewCell.swift */ = {isa = PBXFileReference; fileEncoding = 4; lastKnownFileType = sourcecode.swift; path = ProjectTableViewCell.swift; sourceTree = "<group>"; };
		150541EE22C45BAB00E7230D /* LocationView.swift */ = {isa = PBXFileReference; fileEncoding = 4; lastKnownFileType = sourcecode.swift; path = LocationView.swift; sourceTree = "<group>"; };
		150541F022C45D0800E7230D /* LocationViewController.swift */ = {isa = PBXFileReference; fileEncoding = 4; lastKnownFileType = sourcecode.swift; path = LocationViewController.swift; sourceTree = "<group>"; };
		150541F322C4650000E7230D /* LocationService.swift */ = {isa = PBXFileReference; fileEncoding = 4; lastKnownFileType = sourcecode.swift; path = LocationService.swift; sourceTree = "<group>"; };
		1544F0AB22C3E5EF00A07F0F /* Hackeye.app */ = {isa = PBXFileReference; explicitFileType = wrapper.application; includeInIndex = 0; path = Hackeye.app; sourceTree = BUILT_PRODUCTS_DIR; };
		1544F0AE22C3E5EF00A07F0F /* AppDelegate.swift */ = {isa = PBXFileReference; lastKnownFileType = sourcecode.swift; path = AppDelegate.swift; sourceTree = "<group>"; };
		1544F0B022C3E5EF00A07F0F /* ViewController.swift */ = {isa = PBXFileReference; lastKnownFileType = sourcecode.swift; path = ViewController.swift; sourceTree = "<group>"; };
		1544F0B322C3E5F000A07F0F /* Base */ = {isa = PBXFileReference; lastKnownFileType = file.storyboard; name = Base; path = Base.lproj/Main.storyboard; sourceTree = "<group>"; };
		1544F0B522C3E5F000A07F0F /* Assets.xcassets */ = {isa = PBXFileReference; lastKnownFileType = folder.assetcatalog; path = Assets.xcassets; sourceTree = "<group>"; };
		1544F0B822C3E5F000A07F0F /* Base */ = {isa = PBXFileReference; lastKnownFileType = file.storyboard; name = Base; path = Base.lproj/LaunchScreen.storyboard; sourceTree = "<group>"; };
		1544F0BA22C3E5F000A07F0F /* Info.plist */ = {isa = PBXFileReference; lastKnownFileType = text.plist.xml; path = Info.plist; sourceTree = "<group>"; };
		1544F0BF22C3E5F400A07F0F /* HackeyeTests.xctest */ = {isa = PBXFileReference; explicitFileType = wrapper.cfbundle; includeInIndex = 0; path = HackeyeTests.xctest; sourceTree = BUILT_PRODUCTS_DIR; };
		1544F0C322C3E5F400A07F0F /* Hackeye_ioTests.swift */ = {isa = PBXFileReference; lastKnownFileType = sourcecode.swift; path = Hackeye_ioTests.swift; sourceTree = "<group>"; };
		1544F0C522C3E5F400A07F0F /* Info.plist */ = {isa = PBXFileReference; lastKnownFileType = text.plist.xml; path = Info.plist; sourceTree = "<group>"; };
		1544F0CA22C3E5F400A07F0F /* HackeyeUITests.xctest */ = {isa = PBXFileReference; explicitFileType = wrapper.cfbundle; includeInIndex = 0; path = HackeyeUITests.xctest; sourceTree = BUILT_PRODUCTS_DIR; };
		1544F0CE22C3E5F400A07F0F /* Hackeye_ioUITests.swift */ = {isa = PBXFileReference; lastKnownFileType = sourcecode.swift; path = Hackeye_ioUITests.swift; sourceTree = "<group>"; };
		1544F0D022C3E5F400A07F0F /* Info.plist */ = {isa = PBXFileReference; lastKnownFileType = text.plist.xml; path = Info.plist; sourceTree = "<group>"; };
/* End PBXFileReference section */

/* Begin PBXFrameworksBuildPhase section */
		1544F0A822C3E5EB00A07F0F /* Frameworks */ = {
			isa = PBXFrameworksBuildPhase;
			buildActionMask = 2147483647;
			files = (
				150541DA22C4394A00E7230D /* MapKit.framework in Frameworks */,
			);
			runOnlyForDeploymentPostprocessing = 0;
		};
		1544F0BC22C3E5F400A07F0F /* Frameworks */ = {
			isa = PBXFrameworksBuildPhase;
			buildActionMask = 2147483647;
			files = (
			);
			runOnlyForDeploymentPostprocessing = 0;
		};
		1544F0C722C3E5F400A07F0F /* Frameworks */ = {
			isa = PBXFrameworksBuildPhase;
			buildActionMask = 2147483647;
			files = (
			);
			runOnlyForDeploymentPostprocessing = 0;
		};
/* End PBXFrameworksBuildPhase section */

/* Begin PBXGroup section */
		150541D822C4394A00E7230D /* Frameworks */ = {
			isa = PBXGroup;
			children = (
				150541D922C4394A00E7230D /* MapKit.framework */,
			);
			name = Frameworks;
			sourceTree = "<group>";
		};
		150541DB22C4471100E7230D /* Screen */ = {
			isa = PBXGroup;
			children = (
				150541EC22C45B7D00E7230D /* Location */,
				150541E422C454E400E7230D /* List */,
				150541DE22C448BA00E7230D /* Details */,
				150541DC22C4478A00E7230D /* BaseView.swift */,
			);
			name = Screen;
			sourceTree = "<group>";
		};
		150541DE22C448BA00E7230D /* Details */ = {
			isa = PBXGroup;
			children = (
				150541DF22C448EE00E7230D /* Views */,
				150541E222C44D6400E7230D /* DetailsProjectViewController.swift */,
			);
			name = Details;
			sourceTree = "<group>";
		};
		150541DF22C448EE00E7230D /* Views */ = {
			isa = PBXGroup;
			children = (
				150541E022C4490F00E7230D /* DetailsProjectView.swift */,
			);
			name = Views;
			sourceTree = "<group>";
		};
		150541E422C454E400E7230D /* List */ = {
			isa = PBXGroup;
			children = (
				150541E722C4559A00E7230D /* Views */,
				150541E822C4565E00E7230D /* ProjectTableViewController.swift */,
			);
			name = List;
			sourceTree = "<group>";
		};
		150541E722C4559A00E7230D /* Views */ = {
			isa = PBXGroup;
			children = (
				150541EA22C4573C00E7230D /* ProjectTableViewCell.swift */,
			);
			name = Views;
			sourceTree = "<group>";
		};
		150541EC22C45B7D00E7230D /* Location */ = {
			isa = PBXGroup;
			children = (
				150541ED22C45B8400E7230D /* Views */,
				150541F022C45D0800E7230D /* LocationViewController.swift */,
			);
			name = Location;
			sourceTree = "<group>";
		};
		150541ED22C45B8400E7230D /* Views */ = {
			isa = PBXGroup;
			children = (
				150541EE22C45BAB00E7230D /* LocationView.swift */,
			);
			name = Views;
			sourceTree = "<group>";
		};
		150541F222C464E900E7230D /* Services */ = {
			isa = PBXGroup;
			children = (
				150541F322C4650000E7230D /* LocationService.swift */,
			);
			name = Services;
			sourceTree = "<group>";
		};
		1544F0A222C3E5EB00A07F0F = {
			isa = PBXGroup;
			children = (
				1544F0AD22C3E5EF00A07F0F /* Hackeye.io */,
				1544F0C222C3E5F400A07F0F /* Hackeye.ioTests */,
				1544F0CD22C3E5F400A07F0F /* Hackeye.ioUITests */,
				1544F0AC22C3E5EF00A07F0F /* Products */,
				150541D822C4394A00E7230D /* Frameworks */,
			);
			sourceTree = "<group>";
		};
		1544F0AC22C3E5EF00A07F0F /* Products */ = {
			isa = PBXGroup;
			children = (
				1544F0AB22C3E5EF00A07F0F /* Hackeye.app */,
				1544F0BF22C3E5F400A07F0F /* HackeyeTests.xctest */,
				1544F0CA22C3E5F400A07F0F /* HackeyeUITests.xctest */,
			);
			name = Products;
			sourceTree = "<group>";
		};
		1544F0AD22C3E5EF00A07F0F /* Hackeye.io */ = {
			isa = PBXGroup;
			children = (
				150541F222C464E900E7230D /* Services */,
				150541DB22C4471100E7230D /* Screen */,
				1544F0AE22C3E5EF00A07F0F /* AppDelegate.swift */,
				1544F0B022C3E5EF00A07F0F /* ViewController.swift */,
				1544F0B222C3E5F000A07F0F /* Main.storyboard */,
				1544F0B522C3E5F000A07F0F /* Assets.xcassets */,
				1544F0B722C3E5F000A07F0F /* LaunchScreen.storyboard */,
				1544F0BA22C3E5F000A07F0F /* Info.plist */,
			);
			path = Hackeye.io;
			sourceTree = "<group>";
		};
		1544F0C222C3E5F400A07F0F /* Hackeye.ioTests */ = {
			isa = PBXGroup;
			children = (
				1544F0C322C3E5F400A07F0F /* Hackeye_ioTests.swift */,
				1544F0C522C3E5F400A07F0F /* Info.plist */,
			);
			path = Hackeye.ioTests;
			sourceTree = "<group>";
		};
		1544F0CD22C3E5F400A07F0F /* Hackeye.ioUITests */ = {
			isa = PBXGroup;
			children = (
				1544F0CE22C3E5F400A07F0F /* Hackeye_ioUITests.swift */,
				1544F0D022C3E5F400A07F0F /* Info.plist */,
			);
			path = Hackeye.ioUITests;
			sourceTree = "<group>";
		};
/* End PBXGroup section */

/* Begin PBXNativeTarget section */
		1544F0AA22C3E5EB00A07F0F /* Hackeye */ = {
			isa = PBXNativeTarget;
			buildConfigurationList = 1544F0D322C3E5F400A07F0F /* Build configuration list for PBXNativeTarget "Hackeye" */;
			buildPhases = (
				1544F0A722C3E5EB00A07F0F /* Sources */,
				1544F0A822C3E5EB00A07F0F /* Frameworks */,
				1544F0A922C3E5EB00A07F0F /* Resources */,
			);
			buildRules = (
			);
			dependencies = (
			);
			name = Hackeye;
			productName = Hackeye.io;
			productReference = 1544F0AB22C3E5EF00A07F0F /* Hackeye.app */;
			productType = "com.apple.product-type.application";
		};
		1544F0BE22C3E5F400A07F0F /* HackeyeTests */ = {
			isa = PBXNativeTarget;
			buildConfigurationList = 1544F0D622C3E5F400A07F0F /* Build configuration list for PBXNativeTarget "HackeyeTests" */;
			buildPhases = (
				1544F0BB22C3E5F400A07F0F /* Sources */,
				1544F0BC22C3E5F400A07F0F /* Frameworks */,
				1544F0BD22C3E5F400A07F0F /* Resources */,
			);
			buildRules = (
			);
			dependencies = (
				1544F0C122C3E5F400A07F0F /* PBXTargetDependency */,
			);
			name = HackeyeTests;
			productName = Hackeye.ioTests;
			productReference = 1544F0BF22C3E5F400A07F0F /* HackeyeTests.xctest */;
			productType = "com.apple.product-type.bundle.unit-test";
		};
		1544F0C922C3E5F400A07F0F /* HackeyeUITests */ = {
			isa = PBXNativeTarget;
			buildConfigurationList = 1544F0D922C3E5F400A07F0F /* Build configuration list for PBXNativeTarget "HackeyeUITests" */;
			buildPhases = (
				1544F0C622C3E5F400A07F0F /* Sources */,
				1544F0C722C3E5F400A07F0F /* Frameworks */,
				1544F0C822C3E5F400A07F0F /* Resources */,
			);
			buildRules = (
			);
			dependencies = (
				1544F0CC22C3E5F400A07F0F /* PBXTargetDependency */,
			);
			name = HackeyeUITests;
			productName = Hackeye.ioUITests;
			productReference = 1544F0CA22C3E5F400A07F0F /* HackeyeUITests.xctest */;
			productType = "com.apple.product-type.bundle.ui-testing";
		};
/* End PBXNativeTarget section */

/* Begin PBXProject section */
		1544F0A322C3E5EB00A07F0F /* Project object */ = {
			isa = PBXProject;
			attributes = {
				LastSwiftUpdateCheck = 0820;
				LastUpgradeCheck = 0820;
				ORGANIZATIONNAME = "Howard Wang";
				TargetAttributes = {
					1544F0AA22C3E5EB00A07F0F = {
						CreatedOnToolsVersion = 8.2.1;
						DevelopmentTeam = 638G8VWU95;
						ProvisioningStyle = Automatic;
						SystemCapabilities = {
							com.apple.Maps.iOS = {
								enabled = 1;
							};
						};
					};
					1544F0BE22C3E5F400A07F0F = {
						CreatedOnToolsVersion = 8.2.1;
						DevelopmentTeam = 638G8VWU95;
						ProvisioningStyle = Automatic;
						TestTargetID = 1544F0AA22C3E5EB00A07F0F;
					};
					1544F0C922C3E5F400A07F0F = {
						CreatedOnToolsVersion = 8.2.1;
						DevelopmentTeam = 638G8VWU95;
						ProvisioningStyle = Automatic;
						TestTargetID = 1544F0AA22C3E5EB00A07F0F;
					};
				};
			};
			buildConfigurationList = 1544F0A622C3E5EB00A07F0F /* Build configuration list for PBXProject "Hackeye" */;
			compatibilityVersion = "Xcode 8.0";
			developmentRegion = English;
			hasScannedForEncodings = 0;
			knownRegions = (
				en,
				Base,
			);
			mainGroup = 1544F0A222C3E5EB00A07F0F;
			productRefGroup = 1544F0AC22C3E5EF00A07F0F /* Products */;
			projectDirPath = "";
			projectRoot = "";
			targets = (
				1544F0AA22C3E5EB00A07F0F /* Hackeye */,
				1544F0BE22C3E5F400A07F0F /* HackeyeTests */,
				1544F0C922C3E5F400A07F0F /* HackeyeUITests */,
			);
		};
/* End PBXProject section */

/* Begin PBXResourcesBuildPhase section */
		1544F0A922C3E5EB00A07F0F /* Resources */ = {
			isa = PBXResourcesBuildPhase;
			buildActionMask = 2147483647;
			files = (
				150541FC22C4985D00E7230D /* Main.storyboard in Resources */,
				150541FD22C4985D00E7230D /* LaunchScreen.storyboard in Resources */,
				1544F0B622C3E5F000A07F0F /* Assets.xcassets in Resources */,
			);
			runOnlyForDeploymentPostprocessing = 0;
		};
		1544F0BD22C3E5F400A07F0F /* Resources */ = {
			isa = PBXResourcesBuildPhase;
			buildActionMask = 2147483647;
			files = (
			);
			runOnlyForDeploymentPostprocessing = 0;
		};
		1544F0C822C3E5F400A07F0F /* Resources */ = {
			isa = PBXResourcesBuildPhase;
			buildActionMask = 2147483647;
			files = (
			);
			runOnlyForDeploymentPostprocessing = 0;
		};
/* End PBXResourcesBuildPhase section */

/* Begin PBXSourcesBuildPhase section */
		1544F0A722C3E5EB00A07F0F /* Sources */ = {
			isa = PBXSourcesBuildPhase;
			buildActionMask = 2147483647;
			files = (
				150541FE22C49F3F00E7230D /* AppDelegate.swift in Sources */,
				150541FF22C49F3F00E7230D /* ViewController.swift in Sources */,
			);
			runOnlyForDeploymentPostprocessing = 0;
		};
		1544F0BB22C3E5F400A07F0F /* Sources */ = {
			isa = PBXSourcesBuildPhase;
			buildActionMask = 2147483647;
			files = (
				1544F0C422C3E5F400A07F0F /* Hackeye_ioTests.swift in Sources */,
			);
			runOnlyForDeploymentPostprocessing = 0;
		};
		1544F0C622C3E5F400A07F0F /* Sources */ = {
			isa = PBXSourcesBuildPhase;
			buildActionMask = 2147483647;
			files = (
				1544F0CF22C3E5F400A07F0F /* Hackeye_ioUITests.swift in Sources */,
			);
			runOnlyForDeploymentPostprocessing = 0;
		};
/* End PBXSourcesBuildPhase section */

/* Begin PBXTargetDependency section */
		1544F0C122C3E5F400A07F0F /* PBXTargetDependency */ = {
			isa = PBXTargetDependency;
			target = 1544F0AA22C3E5EB00A07F0F /* Hackeye */;
			targetProxy = 1544F0C022C3E5F400A07F0F /* PBXContainerItemProxy */;
		};
		1544F0CC22C3E5F400A07F0F /* PBXTargetDependency */ = {
			isa = PBXTargetDependency;
			target = 1544F0AA22C3E5EB00A07F0F /* Hackeye */;
			targetProxy = 1544F0CB22C3E5F400A07F0F /* PBXContainerItemProxy */;
		};
/* End PBXTargetDependency section */

/* Begin PBXVariantGroup section */
		1544F0B222C3E5F000A07F0F /* Main.storyboard */ = {
			isa = PBXVariantGroup;
			children = (
				1544F0B322C3E5F000A07F0F /* Base */,
			);
			name = Main.storyboard;
			sourceTree = "<group>";
		};
		1544F0B722C3E5F000A07F0F /* LaunchScreen.storyboard */ = {
			isa = PBXVariantGroup;
			children = (
				1544F0B822C3E5F000A07F0F /* Base */,
			);
			name = LaunchScreen.storyboard;
			sourceTree = "<group>";
		};
/* End PBXVariantGroup section */

/* Begin XCBuildConfiguration section */
		1544F0D122C3E5F400A07F0F /* Debug */ = {
			isa = XCBuildConfiguration;
			buildSettings = {
				ALWAYS_SEARCH_USER_PATHS = NO;
				CLANG_ANALYZER_NONNULL = YES;
				CLANG_CXX_LANGUAGE_STANDARD = "gnu++0x";
				CLANG_CXX_LIBRARY = "libc++";
				CLANG_ENABLE_MODULES = YES;
				CLANG_ENABLE_OBJC_ARC = YES;
				CLANG_WARN_BOOL_CONVERSION = YES;
				CLANG_WARN_CONSTANT_CONVERSION = YES;
				CLANG_WARN_DIRECT_OBJC_ISA_USAGE = YES_ERROR;
				CLANG_WARN_DOCUMENTATION_COMMENTS = YES;
				CLANG_WARN_EMPTY_BODY = YES;
				CLANG_WARN_ENUM_CONVERSION = YES;
				CLANG_WARN_INFINITE_RECURSION = YES;
				CLANG_WARN_INT_CONVERSION = YES;
				CLANG_WARN_OBJC_ROOT_CLASS = YES_ERROR;
				CLANG_WARN_SUSPICIOUS_MOVE = YES;
				CLANG_WARN_UNREACHABLE_CODE = YES;
				CLANG_WARN__DUPLICATE_METHOD_MATCH = YES;
				"CODE_SIGN_IDENTITY[sdk=iphoneos*]" = "iPhone Developer";
				COPY_PHASE_STRIP = NO;
				DEBUG_INFORMATION_FORMAT = dwarf;
				ENABLE_STRICT_OBJC_MSGSEND = YES;
				ENABLE_TESTABILITY = YES;
				GCC_C_LANGUAGE_STANDARD = gnu99;
				GCC_DYNAMIC_NO_PIC = NO;
				GCC_NO_COMMON_BLOCKS = YES;
				GCC_OPTIMIZATION_LEVEL = 0;
				GCC_PREPROCESSOR_DEFINITIONS = (
					"DEBUG=1",
					"$(inherited)",
				);
				GCC_WARN_64_TO_32_BIT_CONVERSION = YES;
				GCC_WARN_ABOUT_RETURN_TYPE = YES_ERROR;
				GCC_WARN_UNDECLARED_SELECTOR = YES;
				GCC_WARN_UNINITIALIZED_AUTOS = YES_AGGRESSIVE;
				GCC_WARN_UNUSED_FUNCTION = YES;
				GCC_WARN_UNUSED_VARIABLE = YES;
				IPHONEOS_DEPLOYMENT_TARGET = 10.2;
				MTL_ENABLE_DEBUG_INFO = YES;
				ONLY_ACTIVE_ARCH = YES;
				SDKROOT = iphoneos;
				SWIFT_ACTIVE_COMPILATION_CONDITIONS = DEBUG;
				SWIFT_OPTIMIZATION_LEVEL = "-Onone";
			};
			name = Debug;
		};
		1544F0D222C3E5F400A07F0F /* Release */ = {
			isa = XCBuildConfiguration;
			buildSettings = {
				ALWAYS_SEARCH_USER_PATHS = NO;
				CLANG_ANALYZER_NONNULL = YES;
				CLANG_CXX_LANGUAGE_STANDARD = "gnu++0x";
				CLANG_CXX_LIBRARY = "libc++";
				CLANG_ENABLE_MODULES = YES;
				CLANG_ENABLE_OBJC_ARC = YES;
				CLANG_WARN_BOOL_CONVERSION = YES;
				CLANG_WARN_CONSTANT_CONVERSION = YES;
				CLANG_WARN_DIRECT_OBJC_ISA_USAGE = YES_ERROR;
				CLANG_WARN_DOCUMENTATION_COMMENTS = YES;
				CLANG_WARN_EMPTY_BODY = YES;
				CLANG_WARN_ENUM_CONVERSION = YES;
				CLANG_WARN_INFINITE_RECURSION = YES;
				CLANG_WARN_INT_CONVERSION = YES;
				CLANG_WARN_OBJC_ROOT_CLASS = YES_ERROR;
				CLANG_WARN_SUSPICIOUS_MOVE = YES;
				CLANG_WARN_UNREACHABLE_CODE = YES;
				CLANG_WARN__DUPLICATE_METHOD_MATCH = YES;
				"CODE_SIGN_IDENTITY[sdk=iphoneos*]" = "iPhone Developer";
				COPY_PHASE_STRIP = NO;
				DEBUG_INFORMATION_FORMAT = "dwarf-with-dsym";
				ENABLE_NS_ASSERTIONS = NO;
				ENABLE_STRICT_OBJC_MSGSEND = YES;
				GCC_C_LANGUAGE_STANDARD = gnu99;
				GCC_NO_COMMON_BLOCKS = YES;
				GCC_WARN_64_TO_32_BIT_CONVERSION = YES;
				GCC_WARN_ABOUT_RETURN_TYPE = YES_ERROR;
				GCC_WARN_UNDECLARED_SELECTOR = YES;
				GCC_WARN_UNINITIALIZED_AUTOS = YES_AGGRESSIVE;
				GCC_WARN_UNUSED_FUNCTION = YES;
				GCC_WARN_UNUSED_VARIABLE = YES;
				IPHONEOS_DEPLOYMENT_TARGET = 10.2;
				MTL_ENABLE_DEBUG_INFO = NO;
				SDKROOT = iphoneos;
				SWIFT_OPTIMIZATION_LEVEL = "-Owholemodule";
				VALIDATE_PRODUCT = YES;
			};
			name = Release;
		};
		1544F0D422C3E5F400A07F0F /* Debug */ = {
			isa = XCBuildConfiguration;
			buildSettings = {
				ASSETCATALOG_COMPILER_APPICON_NAME = AppIcon;
				DEVELOPMENT_TEAM = 638G8VWU95;
				INFOPLIST_FILE = Hackeye.io/Info.plist;
				LD_RUNPATH_SEARCH_PATHS = "$(inherited) @executable_path/Frameworks";
				PRODUCT_BUNDLE_IDENTIFIER = "Hwang.Hackeye-io";
				PRODUCT_NAME = "$(TARGET_NAME)";
				SWIFT_VERSION = 3.0;
			};
			name = Debug;
		};
		1544F0D522C3E5F400A07F0F /* Release */ = {
			isa = XCBuildConfiguration;
			buildSettings = {
				ASSETCATALOG_COMPILER_APPICON_NAME = AppIcon;
				DEVELOPMENT_TEAM = 638G8VWU95;
				INFOPLIST_FILE = Hackeye.io/Info.plist;
				LD_RUNPATH_SEARCH_PATHS = "$(inherited) @executable_path/Frameworks";
				PRODUCT_BUNDLE_IDENTIFIER = "Hwang.Hackeye-io";
				PRODUCT_NAME = "$(TARGET_NAME)";
				SWIFT_VERSION = 3.0;
			};
			name = Release;
		};
		1544F0D722C3E5F400A07F0F /* Debug */ = {
			isa = XCBuildConfiguration;
			buildSettings = {
				ALWAYS_EMBED_SWIFT_STANDARD_LIBRARIES = YES;
				BUNDLE_LOADER = "$(TEST_HOST)";
				DEVELOPMENT_TEAM = 638G8VWU95;
				INFOPLIST_FILE = Hackeye.ioTests/Info.plist;
				LD_RUNPATH_SEARCH_PATHS = "$(inherited) @executable_path/Frameworks @loader_path/Frameworks";
				PRODUCT_BUNDLE_IDENTIFIER = "Hwang.Hackeye-ioTests";
				PRODUCT_NAME = "$(TARGET_NAME)";
				SWIFT_VERSION = 3.0;
				TEST_HOST = "$(BUILT_PRODUCTS_DIR)/Hackeye.app/Hackeye";
			};
			name = Debug;
		};
		1544F0D822C3E5F400A07F0F /* Release */ = {
			isa = XCBuildConfiguration;
			buildSettings = {
				ALWAYS_EMBED_SWIFT_STANDARD_LIBRARIES = YES;
				BUNDLE_LOADER = "$(TEST_HOST)";
				DEVELOPMENT_TEAM = 638G8VWU95;
				INFOPLIST_FILE = Hackeye.ioTests/Info.plist;
				LD_RUNPATH_SEARCH_PATHS = "$(inherited) @executable_path/Frameworks @loader_path/Frameworks";
				PRODUCT_BUNDLE_IDENTIFIER = "Hwang.Hackeye-ioTests";
				PRODUCT_NAME = "$(TARGET_NAME)";
				SWIFT_VERSION = 3.0;
				TEST_HOST = "$(BUILT_PRODUCTS_DIR)/Hackeye.app/Hackeye";
			};
			name = Release;
		};
		1544F0DA22C3E5F400A07F0F /* Debug */ = {
			isa = XCBuildConfiguration;
			buildSettings = {
				ALWAYS_EMBED_SWIFT_STANDARD_LIBRARIES = YES;
				DEVELOPMENT_TEAM = 638G8VWU95;
				INFOPLIST_FILE = Hackeye.ioUITests/Info.plist;
				LD_RUNPATH_SEARCH_PATHS = "$(inherited) @executable_path/Frameworks @loader_path/Frameworks";
				PRODUCT_BUNDLE_IDENTIFIER = "Hwang.Hackeye-ioUITests";
				PRODUCT_NAME = "$(TARGET_NAME)";
				SWIFT_VERSION = 3.0;
				TEST_TARGET_NAME = Hackeye.io;
			};
			name = Debug;
		};
		1544F0DB22C3E5F400A07F0F /* Release */ = {
			isa = XCBuildConfiguration;
			buildSettings = {
				ALWAYS_EMBED_SWIFT_STANDARD_LIBRARIES = YES;
				DEVELOPMENT_TEAM = 638G8VWU95;
				INFOPLIST_FILE = Hackeye.ioUITests/Info.plist;
				LD_RUNPATH_SEARCH_PATHS = "$(inherited) @executable_path/Frameworks @loader_path/Frameworks";
				PRODUCT_BUNDLE_IDENTIFIER = "Hwang.Hackeye-ioUITests";
				PRODUCT_NAME = "$(TARGET_NAME)";
				SWIFT_VERSION = 3.0;
				TEST_TARGET_NAME = Hackeye.io;
			};
			name = Release;
		};
/* End XCBuildConfiguration section */

/* Begin XCConfigurationList section */
		1544F0A622C3E5EB00A07F0F /* Build configuration list for PBXProject "Hackeye" */ = {
			isa = XCConfigurationList;
			buildConfigurations = (
				1544F0D122C3E5F400A07F0F /* Debug */,
				1544F0D222C3E5F400A07F0F /* Release */,
			);
			defaultConfigurationIsVisible = 0;
			defaultConfigurationName = Release;
		};
		1544F0D322C3E5F400A07F0F /* Build configuration list for PBXNativeTarget "Hackeye" */ = {
			isa = XCConfigurationList;
			buildConfigurations = (
				1544F0D422C3E5F400A07F0F /* Debug */,
				1544F0D522C3E5F400A07F0F /* Release */,
			);
			defaultConfigurationIsVisible = 0;
			defaultConfigurationName = Release;
		};
		1544F0D622C3E5F400A07F0F /* Build configuration list for PBXNativeTarget "HackeyeTests" */ = {
			isa = XCConfigurationList;
			buildConfigurations = (
				1544F0D722C3E5F400A07F0F /* Debug */,
				1544F0D822C3E5F400A07F0F /* Release */,
			);
			defaultConfigurationIsVisible = 0;
			defaultConfigurationName = Release;
		};
		1544F0D922C3E5F400A07F0F /* Build configuration list for PBXNativeTarget "HackeyeUITests" */ = {
			isa = XCConfigurationList;
			buildConfigurations = (
				1544F0DA22C3E5F400A07F0F /* Debug */,
				1544F0DB22C3E5F400A07F0F /* Release */,
			);
			defaultConfigurationIsVisible = 0;
			defaultConfigurationName = Release;
		};
/* End XCConfigurationList section */
	};
	rootObject = 1544F0A322C3E5EB00A07F0F /* Project object */;
}
